
Microsoft Visual Studio Solution File, Format Version 12.00
Project("{2150E333-8FDC-42A3-9474-1A3956D46DE8}") = "Solution Source", "Solution Source", "{1806DDA8-7780-4996-9641-FC7F55576759}"
EndProject
Project("{2150E333-8FDC-42A3-9474-1A3956D46DE8}") = "Client", "Client", "{F4B88319-9860-42AC-8D52-FD264A934BE0}"
EndProject
Project("{2150E333-8FDC-42A3-9474-1A3956D46DE8}") = "Host", "Host", "{4FA429AA-FEFC-4FBB-A627-EF2C4CC5F4F7}"
EndProject
Project("{2150E333-8FDC-42A3-9474-1A3956D46DE8}") = "Shared", "Shared", "{661876A0-F4E0-49ED-98DA-C176150BF19B}"
EndProject
Project("{FAE04EC0-301F-11D3-BF4B-00C04F79EFBC}") = "HuyHieuTransport.Client.App", "src\Client\HuyHieuTransport.Client.App\HuyHieuTransport.Client.App.csproj", "{A9C526AD-DD8C-478A-A33E-943D3196540A}"
EndProject
Project("{FAE04EC0-301F-11D3-BF4B-00C04F79EFBC}") = "HuyHieuTransport.Host.API", "src\Host\API\HuyHieuTransport.Host.API\HuyHieuTransport.Host.API.csproj", "{23062907-8E73-4D74-B00E-72A9AF69F04C}"
EndProject
Project("{2150E333-8FDC-42A3-9474-1A3956D46DE8}") = "API", "API", "{6CF38079-6080-406F-B154-F27CA8B65178}"
EndProject
Project("{2150E333-8FDC-42A3-9474-1A3956D46DE8}") = "Modules", "Modules", "{144690F5-0D7D-4EA6-AB42-0C81D98C1153}"
EndProject
Project("{FAE04EC0-301F-11D3-BF4B-00C04F79EFBC}") = "HuyHieuTransport.Shared", "src\Shared\HuyHieuTransport.Shared\HuyHieuTransport.Shared.csproj", "{B31089FE-D6FA-4ADF-A3FD-68B891BDEED2}"
EndProject
Project("{FAE04EC0-301F-11D3-BF4B-00C04F79EFBC}") = "HuyHieuTransport.Shared.Core", "src\Shared\HuyHieuTransport.Shared.Core\HuyHieuTransport.Shared.Core.csproj", "{359CFDD6-692F-47BA-B249-60F66FB348AB}"
EndProject
Project("{FAE04EC0-301F-11D3-BF4B-00C04F79EFBC}") = "HuyHieuTransport.Shared.Infrastructure", "src\Shared\HuyHieuTransport.Shared.Infrastructure\HuyHieuTransport.Shared.Infrastructure.csproj", "{035D39F4-0B99-4306-A0CD-D8597B2F823A}"
EndProject
Project("{FAE04EC0-301F-11D3-BF4B-00C04F79EFBC}") = "HuyHieuTransport.Client.Infrastructure", "src\Client\HuyHieuTransport.Client.Infrastructure\HuyHieuTransport.Client.Infrastructure.csproj", "{35F6F7D9-0DB5-4CF8-AEBC-B1128C1F1FE6}"
EndProject
Project("{2150E333-8FDC-42A3-9474-1A3956D46DE8}") = "Internal", "Internal", "{FDAC4E28-E167-4552-8323-2D988832BD62}"
EndProject
Project("{FAE04EC0-301F-11D3-BF4B-00C04F79EFBC}") = "HuyHieuTransport.Host.Modules.Internal", "src\Host\Modules\Internal\HuyHieuTransport.Host.Modules.Internal\HuyHieuTransport.Host.Modules.Internal.csproj", "{FB309F11-FDA0-42ED-A591-0CEA0A902ACD}"
EndProject
Project("{FAE04EC0-301F-11D3-BF4B-00C04F79EFBC}") = "HuyHieuTransport.Host.Modules.Internal.Core", "src\Host\Modules\Internal\HuyHieuTransport.Host.Modules.Internal.Core\HuyHieuTransport.Host.Modules.Internal.Core.csproj", "{3D5AF5C0-66E5-4926-90D8-761D2568EAB6}"
EndProject
Project("{FAE04EC0-301F-11D3-BF4B-00C04F79EFBC}") = "HuyHieuTransport.Modules.Internal.Infrastructure", "src\Host\Modules\Internal\HuyHieuTransport.Modules.Internal.Infrastructure\HuyHieuTransport.Modules.Internal.Infrastructure.csproj", "{51047161-2ACF-4EAB-9213-03F4C519FB76}"
EndProject
Global
	GlobalSection(SolutionConfigurationPlatforms) = preSolution
		Debug|Any CPU = Debug|Any CPU
		Release|Any CPU = Release|Any CPU
	EndGlobalSection
	GlobalSection(NestedProjects) = preSolution
		{F4B88319-9860-42AC-8D52-FD264A934BE0} = {1806DDA8-7780-4996-9641-FC7F55576759}
		{4FA429AA-FEFC-4FBB-A627-EF2C4CC5F4F7} = {1806DDA8-7780-4996-9641-FC7F55576759}
		{661876A0-F4E0-49ED-98DA-C176150BF19B} = {1806DDA8-7780-4996-9641-FC7F55576759}
		{A9C526AD-DD8C-478A-A33E-943D3196540A} = {F4B88319-9860-42AC-8D52-FD264A934BE0}
		{6CF38079-6080-406F-B154-F27CA8B65178} = {4FA429AA-FEFC-4FBB-A627-EF2C4CC5F4F7}
		{23062907-8E73-4D74-B00E-72A9AF69F04C} = {6CF38079-6080-406F-B154-F27CA8B65178}
		{144690F5-0D7D-4EA6-AB42-0C81D98C1153} = {4FA429AA-FEFC-4FBB-A627-EF2C4CC5F4F7}
		{B31089FE-D6FA-4ADF-A3FD-68B891BDEED2} = {661876A0-F4E0-49ED-98DA-C176150BF19B}
		{359CFDD6-692F-47BA-B249-60F66FB348AB} = {661876A0-F4E0-49ED-98DA-C176150BF19B}
		{035D39F4-0B99-4306-A0CD-D8597B2F823A} = {661876A0-F4E0-49ED-98DA-C176150BF19B}
		{35F6F7D9-0DB5-4CF8-AEBC-B1128C1F1FE6} = {F4B88319-9860-42AC-8D52-FD264A934BE0}
		{FDAC4E28-E167-4552-8323-2D988832BD62} = {144690F5-0D7D-4EA6-AB42-0C81D98C1153}
		{FB309F11-FDA0-42ED-A591-0CEA0A902ACD} = {FDAC4E28-E167-4552-8323-2D988832BD62}
		{3D5AF5C0-66E5-4926-90D8-761D2568EAB6} = {FDAC4E28-E167-4552-8323-2D988832BD62}
		{51047161-2ACF-4EAB-9213-03F4C519FB76} = {FDAC4E28-E167-4552-8323-2D988832BD62}
	EndGlobalSection
	GlobalSection(ProjectConfigurationPlatforms) = postSolution
		{A9C526AD-DD8C-478A-A33E-943D3196540A}.Debug|Any CPU.ActiveCfg = Debug|Any CPU
		{A9C526AD-DD8C-478A-A33E-943D3196540A}.Debug|Any CPU.Build.0 = Debug|Any CPU
		{A9C526AD-DD8C-478A-A33E-943D3196540A}.Release|Any CPU.ActiveCfg = Release|Any CPU
		{A9C526AD-DD8C-478A-A33E-943D3196540A}.Release|Any CPU.Build.0 = Release|Any CPU
		{23062907-8E73-4D74-B00E-72A9AF69F04C}.Debug|Any CPU.ActiveCfg = Debug|Any CPU
		{23062907-8E73-4D74-B00E-72A9AF69F04C}.Debug|Any CPU.Build.0 = Debug|Any CPU
		{23062907-8E73-4D74-B00E-72A9AF69F04C}.Release|Any CPU.ActiveCfg = Release|Any CPU
		{23062907-8E73-4D74-B00E-72A9AF69F04C}.Release|Any CPU.Build.0 = Release|Any CPU
		{B31089FE-D6FA-4ADF-A3FD-68B891BDEED2}.Debug|Any CPU.ActiveCfg = Debug|Any CPU
		{B31089FE-D6FA-4ADF-A3FD-68B891BDEED2}.Debug|Any CPU.Build.0 = Debug|Any CPU
		{B31089FE-D6FA-4ADF-A3FD-68B891BDEED2}.Release|Any CPU.ActiveCfg = Release|Any CPU
		{B31089FE-D6FA-4ADF-A3FD-68B891BDEED2}.Release|Any CPU.Build.0 = Release|Any CPU
		{359CFDD6-692F-47BA-B249-60F66FB348AB}.Debug|Any CPU.ActiveCfg = Debug|Any CPU
		{359CFDD6-692F-47BA-B249-60F66FB348AB}.Debug|Any CPU.Build.0 = Debug|Any CPU
		{359CFDD6-692F-47BA-B249-60F66FB348AB}.Release|Any CPU.ActiveCfg = Release|Any CPU
		{359CFDD6-692F-47BA-B249-60F66FB348AB}.Release|Any CPU.Build.0 = Release|Any CPU
		{035D39F4-0B99-4306-A0CD-D8597B2F823A}.Debug|Any CPU.ActiveCfg = Debug|Any CPU
		{035D39F4-0B99-4306-A0CD-D8597B2F823A}.Debug|Any CPU.Build.0 = Debug|Any CPU
		{035D39F4-0B99-4306-A0CD-D8597B2F823A}.Release|Any CPU.ActiveCfg = Release|Any CPU
		{035D39F4-0B99-4306-A0CD-D8597B2F823A}.Release|Any CPU.Build.0 = Release|Any CPU
		{35F6F7D9-0DB5-4CF8-AEBC-B1128C1F1FE6}.Debug|Any CPU.ActiveCfg = Debug|Any CPU
		{35F6F7D9-0DB5-4CF8-AEBC-B1128C1F1FE6}.Debug|Any CPU.Build.0 = Debug|Any CPU
		{35F6F7D9-0DB5-4CF8-AEBC-B1128C1F1FE6}.Release|Any CPU.ActiveCfg = Release|Any CPU
		{35F6F7D9-0DB5-4CF8-AEBC-B1128C1F1FE6}.Release|Any CPU.Build.0 = Release|Any CPU
		{FB309F11-FDA0-42ED-A591-0CEA0A902ACD}.Debug|Any CPU.ActiveCfg = Debug|Any CPU
		{FB309F11-FDA0-42ED-A591-0CEA0A902ACD}.Debug|Any CPU.Build.0 = Debug|Any CPU
		{FB309F11-FDA0-42ED-A591-0CEA0A902ACD}.Release|Any CPU.ActiveCfg = Release|Any CPU
		{FB309F11-FDA0-42ED-A591-0CEA0A902ACD}.Release|Any CPU.Build.0 = Release|Any CPU
		{3D5AF5C0-66E5-4926-90D8-761D2568EAB6}.Debug|Any CPU.ActiveCfg = Debug|Any CPU
		{3D5AF5C0-66E5-4926-90D8-761D2568EAB6}.Debug|Any CPU.Build.0 = Debug|Any CPU
		{3D5AF5C0-66E5-4926-90D8-761D2568EAB6}.Release|Any CPU.ActiveCfg = Release|Any CPU
		{3D5AF5C0-66E5-4926-90D8-761D2568EAB6}.Release|Any CPU.Build.0 = Release|Any CPU
		{51047161-2ACF-4EAB-9213-03F4C519FB76}.Debug|Any CPU.ActiveCfg = Debug|Any CPU
		{51047161-2ACF-4EAB-9213-03F4C519FB76}.Debug|Any CPU.Build.0 = Debug|Any CPU
		{51047161-2ACF-4EAB-9213-03F4C519FB76}.Release|Any CPU.ActiveCfg = Release|Any CPU
		{51047161-2ACF-4EAB-9213-03F4C519FB76}.Release|Any CPU.Build.0 = Release|Any CPU
	EndGlobalSection
EndGlobal
